// !$*UTF8*$!
{
	archiveVersion = 1;
	classes = {
	};
	objectVersion = 56;
	objects = {

/* Begin PBXBuildFile section */
		2C22BF6628F5522500811E5E /* AppDelegate.swift in Sources */ = {isa = PBXBuildFile; fileRef = 2C22BF6528F5522500811E5E /* AppDelegate.swift */; };
		2C22BF6828F5522500811E5E /* SceneDelegate.swift in Sources */ = {isa = PBXBuildFile; fileRef = 2C22BF6728F5522500811E5E /* SceneDelegate.swift */; };
		2C22BF6A28F5522500811E5E /* InitialViewController.swift in Sources */ = {isa = PBXBuildFile; fileRef = 2C22BF6928F5522500811E5E /* InitialViewController.swift */; };
		2C22BF6F28F5522600811E5E /* Assets.xcassets in Resources */ = {isa = PBXBuildFile; fileRef = 2C22BF6E28F5522600811E5E /* Assets.xcassets */; };
		2C22BF7228F5522600811E5E /* LaunchScreen.storyboard in Resources */ = {isa = PBXBuildFile; fileRef = 2C22BF7028F5522600811E5E /* LaunchScreen.storyboard */; };
		2C280EAC28F74EF900CE7CC7 /* Lottie in Frameworks */ = {isa = PBXBuildFile; productRef = 2C280EAB28F74EF900CE7CC7 /* Lottie */; };
		2C5ECC3D28F5F7B200A8FAE5 /* EditorViewController.swift in Sources */ = {isa = PBXBuildFile; fileRef = 2C5ECC3C28F5F7B200A8FAE5 /* EditorViewController.swift */; };
		318213EA71BDB4E9DCA620C2 /* PhotoCollectionViewController.swift in Sources */ = {isa = PBXBuildFile; fileRef = 3182186BFA587E31FF70C215 /* PhotoCollectionViewController.swift */; };
		3182148E19C2D990C0FB2B44 /* UIView+Constraints.swift in Sources */ = {isa = PBXBuildFile; fileRef = 31821F737131B13733F37801 /* UIView+Constraints.swift */; };
		31821536970D319C54CD7735 /* PhotoCollectionCell.swift in Sources */ = {isa = PBXBuildFile; fileRef = 31821139BA585B89AEC9D384 /* PhotoCollectionCell.swift */; };
		31821666409EFC1F25D75331 /* duck.json in Resources */ = {isa = PBXBuildFile; fileRef = 318218BCD602F7BBFBEED599 /* duck.json */; };
		31821CE626E2F26863D94843 /* EditorModel.swift in Sources */ = {isa = PBXBuildFile; fileRef = 318213CBA73B6C75BF3AFF68 /* EditorModel.swift */; };
		31821E12411549BA4BD774D7 /* PhotoCollectionManager.swift in Sources */ = {isa = PBXBuildFile; fileRef = 318212503E851D36DBE1F90D /* PhotoCollectionManager.swift */; };
/* End PBXBuildFile section */

/* Begin PBXFileReference section */
		2C22BF6228F5522500811E5E /* DrawTelegram.app */ = {isa = PBXFileReference; explicitFileType = wrapper.application; includeInIndex = 0; path = DrawTelegram.app; sourceTree = BUILT_PRODUCTS_DIR; };
		2C22BF6528F5522500811E5E /* AppDelegate.swift */ = {isa = PBXFileReference; lastKnownFileType = sourcecode.swift; path = AppDelegate.swift; sourceTree = "<group>"; };
		2C22BF6728F5522500811E5E /* SceneDelegate.swift */ = {isa = PBXFileReference; lastKnownFileType = sourcecode.swift; path = SceneDelegate.swift; sourceTree = "<group>"; };
		2C22BF6928F5522500811E5E /* InitialViewController.swift */ = {isa = PBXFileReference; lastKnownFileType = sourcecode.swift; path = InitialViewController.swift; sourceTree = "<group>"; };
		2C22BF6E28F5522600811E5E /* Assets.xcassets */ = {isa = PBXFileReference; lastKnownFileType = folder.assetcatalog; path = Assets.xcassets; sourceTree = "<group>"; };
		2C22BF7128F5522600811E5E /* Base */ = {isa = PBXFileReference; lastKnownFileType = file.storyboard; name = Base; path = Base.lproj/LaunchScreen.storyboard; sourceTree = "<group>"; };
		2C22BF7328F5522600811E5E /* Info.plist */ = {isa = PBXFileReference; lastKnownFileType = text.plist.xml; path = Info.plist; sourceTree = "<group>"; };
		2C5ECC3C28F5F7B200A8FAE5 /* EditorViewController.swift */ = {isa = PBXFileReference; lastKnownFileType = sourcecode.swift; path = EditorViewController.swift; sourceTree = "<group>"; };
		31821139BA585B89AEC9D384 /* PhotoCollectionCell.swift */ = {isa = PBXFileReference; fileEncoding = 4; lastKnownFileType = sourcecode.swift; path = PhotoCollectionCell.swift; sourceTree = "<group>"; };
		318212503E851D36DBE1F90D /* PhotoCollectionManager.swift */ = {isa = PBXFileReference; fileEncoding = 4; lastKnownFileType = sourcecode.swift; path = PhotoCollectionManager.swift; sourceTree = "<group>"; };
		318213CBA73B6C75BF3AFF68 /* EditorModel.swift */ = {isa = PBXFileReference; fileEncoding = 4; lastKnownFileType = sourcecode.swift; path = EditorModel.swift; sourceTree = "<group>"; };
		3182186BFA587E31FF70C215 /* PhotoCollectionViewController.swift */ = {isa = PBXFileReference; fileEncoding = 4; lastKnownFileType = sourcecode.swift; path = PhotoCollectionViewController.swift; sourceTree = "<group>"; };
		318218BCD602F7BBFBEED599 /* duck.json */ = {isa = PBXFileReference; fileEncoding = 4; lastKnownFileType = text.json; path = duck.json; sourceTree = "<group>"; };
		31821F737131B13733F37801 /* UIView+Constraints.swift */ = {isa = PBXFileReference; fileEncoding = 4; lastKnownFileType = sourcecode.swift; path = "UIView+Constraints.swift"; sourceTree = "<group>"; };
/* End PBXFileReference section */

/* Begin PBXFrameworksBuildPhase section */
		2C22BF5F28F5522500811E5E /* Frameworks */ = {
			isa = PBXFrameworksBuildPhase;
			buildActionMask = 2147483647;
			files = (
				2C280EAC28F74EF900CE7CC7 /* Lottie in Frameworks */,
			);
			runOnlyForDeploymentPostprocessing = 0;
		};
/* End PBXFrameworksBuildPhase section */

/* Begin PBXGroup section */
		2C22BF5928F5522500811E5E = {
			isa = PBXGroup;
			children = (
				2C22BF6428F5522500811E5E /* DrawTelegram */,
				2C22BF6328F5522500811E5E /* Products */,
			);
			sourceTree = "<group>";
		};
		2C22BF6328F5522500811E5E /* Products */ = {
			isa = PBXGroup;
			children = (
				2C22BF6228F5522500811E5E /* DrawTelegram.app */,
			);
			name = Products;
			sourceTree = "<group>";
		};
		2C22BF6428F5522500811E5E /* DrawTelegram */ = {
			isa = PBXGroup;
			children = (
				2C22BF6528F5522500811E5E /* AppDelegate.swift */,
				2C22BF6728F5522500811E5E /* SceneDelegate.swift */,
				2C22BF6928F5522500811E5E /* InitialViewController.swift */,
				2C5ECC3C28F5F7B200A8FAE5 /* EditorViewController.swift */,
				2C22BF6E28F5522600811E5E /* Assets.xcassets */,
				2C22BF7028F5522600811E5E /* LaunchScreen.storyboard */,
				2C22BF7328F5522600811E5E /* Info.plist */,
				318213CBA73B6C75BF3AFF68 /* EditorModel.swift */,
				318218BCD602F7BBFBEED599 /* duck.json */,
				31821F737131B13733F37801 /* UIView+Constraints.swift */,
				31821031B79A6B0CFAA34F58 /* PhotoCollection */,
			);
			path = DrawTelegram;
			sourceTree = "<group>";
		};
		31821031B79A6B0CFAA34F58 /* PhotoCollection */ = {
			isa = PBXGroup;
			children = (
				318212503E851D36DBE1F90D /* PhotoCollectionManager.swift */,
				3182186BFA587E31FF70C215 /* PhotoCollectionViewController.swift */,
				31821139BA585B89AEC9D384 /* PhotoCollectionCell.swift */,
			);
			path = PhotoCollection;
			sourceTree = "<group>";
		};
/* End PBXGroup section */

/* Begin PBXNativeTarget section */
		2C22BF6128F5522500811E5E /* DrawTelegram */ = {
			isa = PBXNativeTarget;
			buildConfigurationList = 2C22BF7628F5522600811E5E /* Build configuration list for PBXNativeTarget "DrawTelegram" */;
			buildPhases = (
				2C22BF5E28F5522500811E5E /* Sources */,
				2C22BF5F28F5522500811E5E /* Frameworks */,
				2C22BF6028F5522500811E5E /* Resources */,
			);
			buildRules = (
			);
			dependencies = (
			);
			name = DrawTelegram;
			packageProductDependencies = (
				2C280EAB28F74EF900CE7CC7 /* Lottie */,
			);
			productName = DrawTelegram;
			productReference = 2C22BF6228F5522500811E5E /* DrawTelegram.app */;
			productType = "com.apple.product-type.application";
		};
/* End PBXNativeTarget section */

/* Begin PBXProject section */
		2C22BF5A28F5522500811E5E /* Project object */ = {
			isa = PBXProject;
			attributes = {
				BuildIndependentTargetsInParallel = 1;
				LastSwiftUpdateCheck = 1400;
				LastUpgradeCheck = 1400;
				TargetAttributes = {
					2C22BF6128F5522500811E5E = {
						CreatedOnToolsVersion = 14.0.1;
					};
				};
			};
			buildConfigurationList = 2C22BF5D28F5522500811E5E /* Build configuration list for PBXProject "DrawTelegram" */;
			compatibilityVersion = "Xcode 14.0";
			developmentRegion = en;
			hasScannedForEncodings = 0;
			knownRegions = (
				en,
				Base,
			);
			mainGroup = 2C22BF5928F5522500811E5E;
			packageReferences = (
				2C280EAA28F74EF900CE7CC7 /* XCRemoteSwiftPackageReference "lottie-ios" */,
			);
			productRefGroup = 2C22BF6328F5522500811E5E /* Products */;
			projectDirPath = "";
			projectRoot = "";
			targets = (
				2C22BF6128F5522500811E5E /* DrawTelegram */,
			);
		};
/* End PBXProject section */

/* Begin PBXResourcesBuildPhase section */
		2C22BF6028F5522500811E5E /* Resources */ = {
			isa = PBXResourcesBuildPhase;
			buildActionMask = 2147483647;
			files = (
				2C22BF7228F5522600811E5E /* LaunchScreen.storyboard in Resources */,
				2C22BF6F28F5522600811E5E /* Assets.xcassets in Resources */,
				31821666409EFC1F25D75331 /* duck.json in Resources */,
			);
			runOnlyForDeploymentPostprocessing = 0;
		};
/* End PBXResourcesBuildPhase section */

/* Begin PBXSourcesBuildPhase section */
		2C22BF5E28F5522500811E5E /* Sources */ = {
			isa = PBXSourcesBuildPhase;
			buildActionMask = 2147483647;
			files = (
				2C22BF6A28F5522500811E5E /* InitialViewController.swift in Sources */,
				2C22BF6628F5522500811E5E /* AppDelegate.swift in Sources */,
				2C22BF6828F5522500811E5E /* SceneDelegate.swift in Sources */,
				2C5ECC3D28F5F7B200A8FAE5 /* EditorViewController.swift in Sources */,
				31821CE626E2F26863D94843 /* EditorModel.swift in Sources */,
				3182148E19C2D990C0FB2B44 /* UIView+Constraints.swift in Sources */,
				31821E12411549BA4BD774D7 /* PhotoCollectionManager.swift in Sources */,
				318213EA71BDB4E9DCA620C2 /* PhotoCollectionViewController.swift in Sources */,
				31821536970D319C54CD7735 /* PhotoCollectionCell.swift in Sources */,
			);
			runOnlyForDeploymentPostprocessing = 0;
		};
/* End PBXSourcesBuildPhase section */

/* Begin PBXVariantGroup section */
		2C22BF7028F5522600811E5E /* LaunchScreen.storyboard */ = {
			isa = PBXVariantGroup;
			children = (
				2C22BF7128F5522600811E5E /* Base */,
			);
			name = LaunchScreen.storyboard;
			sourceTree = "<group>";
		};
/* End PBXVariantGroup section */

/* Begin XCBuildConfiguration section */
		2C22BF7428F5522600811E5E /* Debug */ = {
			isa = XCBuildConfiguration;
			buildSettings = {
				ALWAYS_SEARCH_USER_PATHS = NO;
				CLANG_ANALYZER_NONNULL = YES;
				CLANG_ANALYZER_NUMBER_OBJECT_CONVERSION = YES_AGGRESSIVE;
				CLANG_CXX_LANGUAGE_STANDARD = "gnu++20";
				CLANG_ENABLE_MODULES = YES;
				CLANG_ENABLE_OBJC_ARC = YES;
				CLANG_ENABLE_OBJC_WEAK = YES;
				CLANG_WARN_BLOCK_CAPTURE_AUTORELEASING = YES;
				CLANG_WARN_BOOL_CONVERSION = YES;
				CLANG_WARN_COMMA = YES;
				CLANG_WARN_CONSTANT_CONVERSION = YES;
				CLANG_WARN_DEPRECATED_OBJC_IMPLEMENTATIONS = YES;
				CLANG_WARN_DIRECT_OBJC_ISA_USAGE = YES_ERROR;
				CLANG_WARN_DOCUMENTATION_COMMENTS = YES;
				CLANG_WARN_EMPTY_BODY = YES;
				CLANG_WARN_ENUM_CONVERSION = YES;
				CLANG_WARN_INFINITE_RECURSION = YES;
				CLANG_WARN_INT_CONVERSION = YES;
				CLANG_WARN_NON_LITERAL_NULL_CONVERSION = YES;
				CLANG_WARN_OBJC_IMPLICIT_RETAIN_SELF = YES;
				CLANG_WARN_OBJC_LITERAL_CONVERSION = YES;
				CLANG_WARN_OBJC_ROOT_CLASS = YES_ERROR;
				CLANG_WARN_QUOTED_INCLUDE_IN_FRAMEWORK_HEADER = YES;
				CLANG_WARN_RANGE_LOOP_ANALYSIS = YES;
				CLANG_WARN_STRICT_PROTOTYPES = YES;
				CLANG_WARN_SUSPICIOUS_MOVE = YES;
				CLANG_WARN_UNGUARDED_AVAILABILITY = YES_AGGRESSIVE;
				CLANG_WARN_UNREACHABLE_CODE = YES;
				CLANG_WARN__DUPLICATE_METHOD_MATCH = YES;
				COPY_PHASE_STRIP = NO;
				DEBUG_INFORMATION_FORMAT = dwarf;
				ENABLE_STRICT_OBJC_MSGSEND = YES;
				ENABLE_TESTABILITY = YES;
				GCC_C_LANGUAGE_STANDARD = gnu11;
				GCC_DYNAMIC_NO_PIC = NO;
				GCC_NO_COMMON_BLOCKS = YES;
				GCC_OPTIMIZATION_LEVEL = 0;
				GCC_PREPROCESSOR_DEFINITIONS = (
					"DEBUG=1",
					"$(inherited)",
				);
				GCC_WARN_64_TO_32_BIT_CONVERSION = YES;
				GCC_WARN_ABOUT_RETURN_TYPE = YES_ERROR;
				GCC_WARN_UNDECLARED_SELECTOR = YES;
				GCC_WARN_UNINITIALIZED_AUTOS = YES_AGGRESSIVE;
				GCC_WARN_UNUSED_FUNCTION = YES;
				GCC_WARN_UNUSED_VARIABLE = YES;
				IPHONEOS_DEPLOYMENT_TARGET = 13.0;
				MTL_ENABLE_DEBUG_INFO = INCLUDE_SOURCE;
				MTL_FAST_MATH = YES;
				ONLY_ACTIVE_ARCH = YES;
				SDKROOT = iphoneos;
				SWIFT_ACTIVE_COMPILATION_CONDITIONS = DEBUG;
				SWIFT_OPTIMIZATION_LEVEL = "-Onone";
			};
			name = Debug;
		};
		2C22BF7528F5522600811E5E /* Release */ = {
			isa = XCBuildConfiguration;
			buildSettings = {
				ALWAYS_SEARCH_USER_PATHS = NO;
				CLANG_ANALYZER_NONNULL = YES;
				CLANG_ANALYZER_NUMBER_OBJECT_CONVERSION = YES_AGGRESSIVE;
				CLANG_CXX_LANGUAGE_STANDARD = "gnu++20";
				CLANG_ENABLE_MODULES = YES;
				CLANG_ENABLE_OBJC_ARC = YES;
				CLANG_ENABLE_OBJC_WEAK = YES;
				CLANG_WARN_BLOCK_CAPTURE_AUTORELEASING = YES;
				CLANG_WARN_BOOL_CONVERSION = YES;
				CLANG_WARN_COMMA = YES;
				CLANG_WARN_CONSTANT_CONVERSION = YES;
				CLANG_WARN_DEPRECATED_OBJC_IMPLEMENTATIONS = YES;
				CLANG_WARN_DIRECT_OBJC_ISA_USAGE = YES_ERROR;
				CLANG_WARN_DOCUMENTATION_COMMENTS = YES;
				CLANG_WARN_EMPTY_BODY = YES;
				CLANG_WARN_ENUM_CONVERSION = YES;
				CLANG_WARN_INFINITE_RECURSION = YES;
				CLANG_WARN_INT_CONVERSION = YES;
				CLANG_WARN_NON_LITERAL_NULL_CONVERSION = YES;
				CLANG_WARN_OBJC_IMPLICIT_RETAIN_SELF = YES;
				CLANG_WARN_OBJC_LITERAL_CONVERSION = YES;
				CLANG_WARN_OBJC_ROOT_CLASS = YES_ERROR;
				CLANG_WARN_QUOTED_INCLUDE_IN_FRAMEWORK_HEADER = YES;
				CLANG_WARN_RANGE_LOOP_ANALYSIS = YES;
				CLANG_WARN_STRICT_PROTOTYPES = YES;
				CLANG_WARN_SUSPICIOUS_MOVE = YES;
				CLANG_WARN_UNGUARDED_AVAILABILITY = YES_AGGRESSIVE;
				CLANG_WARN_UNREACHABLE_CODE = YES;
				CLANG_WARN__DUPLICATE_METHOD_MATCH = YES;
				COPY_PHASE_STRIP = NO;
				DEBUG_INFORMATION_FORMAT = "dwarf-with-dsym";
				ENABLE_NS_ASSERTIONS = NO;
				ENABLE_STRICT_OBJC_MSGSEND = YES;
				GCC_C_LANGUAGE_STANDARD = gnu11;
				GCC_NO_COMMON_BLOCKS = YES;
				GCC_WARN_64_TO_32_BIT_CONVERSION = YES;
				GCC_WARN_ABOUT_RETURN_TYPE = YES_ERROR;
				GCC_WARN_UNDECLARED_SELECTOR = YES;
				GCC_WARN_UNINITIALIZED_AUTOS = YES_AGGRESSIVE;
				GCC_WARN_UNUSED_FUNCTION = YES;
				GCC_WARN_UNUSED_VARIABLE = YES;
				IPHONEOS_DEPLOYMENT_TARGET = 13.0;
				MTL_ENABLE_DEBUG_INFO = NO;
				MTL_FAST_MATH = YES;
				SDKROOT = iphoneos;
				SWIFT_COMPILATION_MODE = wholemodule;
				SWIFT_OPTIMIZATION_LEVEL = "-O";
				VALIDATE_PRODUCT = YES;
			};
			name = Release;
		};
		2C22BF7728F5522600811E5E /* Debug */ = {
			isa = XCBuildConfiguration;
			buildSettings = {
				ASSETCATALOG_COMPILER_APPICON_NAME = AppIcon;
				ASSETCATALOG_COMPILER_GLOBAL_ACCENT_COLOR_NAME = AccentColor;
				CODE_SIGN_STYLE = Automatic;
				CURRENT_PROJECT_VERSION = 1;
				DEVELOPMENT_TEAM = 9H6HRKGD57;
				GENERATE_INFOPLIST_FILE = YES;
				INFOPLIST_FILE = DrawTelegram/Info.plist;
				INFOPLIST_KEY_UIApplicationSupportsIndirectInputEvents = YES;
				INFOPLIST_KEY_UILaunchStoryboardName = LaunchScreen;
				INFOPLIST_KEY_UISupportedInterfaceOrientations = UIInterfaceOrientationPortrait;
				INFOPLIST_KEY_UISupportedInterfaceOrientations_iPad = "UIInterfaceOrientationLandscapeLeft UIInterfaceOrientationLandscapeRight UIInterfaceOrientationPortrait UIInterfaceOrientationPortraitUpsideDown";
				IPHONEOS_DEPLOYMENT_TARGET = 13.0;
				LD_RUNPATH_SEARCH_PATHS = (
					"$(inherited)",
					"@executable_path/Frameworks",
				);
				MARKETING_VERSION = 1.0;
				PRODUCT_BUNDLE_IDENTIFIER = com.yiwanv.DrawTelegram;
				PRODUCT_NAME = "$(TARGET_NAME)";
				SUPPORTED_PLATFORMS = "iphoneos iphonesimulator";
				SUPPORTS_MACCATALYST = NO;
				SUPPORTS_MAC_DESIGNED_FOR_IPHONE_IPAD = NO;
				SWIFT_EMIT_LOC_STRINGS = YES;
				SWIFT_VERSION = 5.0;
				TARGETED_DEVICE_FAMILY = 1;
			};
			name = Debug;
		};
		2C22BF7828F5522600811E5E /* Release */ = {
			isa = XCBuildConfiguration;
			buildSettings = {
				ASSETCATALOG_COMPILER_APPICON_NAME = AppIcon;
				ASSETCATALOG_COMPILER_GLOBAL_ACCENT_COLOR_NAME = AccentColor;
				CODE_SIGN_STYLE = Automatic;
				CURRENT_PROJECT_VERSION = 1;
				DEVELOPMENT_TEAM = 9H6HRKGD57;
				GENERATE_INFOPLIST_FILE = YES;
				INFOPLIST_FILE = DrawTelegram/Info.plist;
				INFOPLIST_KEY_UIApplicationSupportsIndirectInputEvents = YES;
				INFOPLIST_KEY_UILaunchStoryboardName = LaunchScreen;
				INFOPLIST_KEY_UISupportedInterfaceOrientations = UIInterfaceOrientationPortrait;
				INFOPLIST_KEY_UISupportedInterfaceOrientations_iPad = "UIInterfaceOrientationLandscapeLeft UIInterfaceOrientationLandscapeRight UIInterfaceOrientationPortrait UIInterfaceOrientationPortraitUpsideDown";
				IPHONEOS_DEPLOYMENT_TARGET = 13.0;
				LD_RUNPATH_SEARCH_PATHS = (
					"$(inherited)",
					"@executable_path/Frameworks",
				);
				MARKETING_VERSION = 1.0;
				PRODUCT_BUNDLE_IDENTIFIER = com.yiwanv.DrawTelegram;
				PRODUCT_NAME = "$(TARGET_NAME)";
				SUPPORTED_PLATFORMS = "iphoneos iphonesimulator";
				SUPPORTS_MACCATALYST = NO;
				SUPPORTS_MAC_DESIGNED_FOR_IPHONE_IPAD = NO;
				SWIFT_EMIT_LOC_STRINGS = YES;
				SWIFT_VERSION = 5.0;
				TARGETED_DEVICE_FAMILY = 1;
			};
			name = Release;
		};
/* End XCBuildConfiguration section */

/* Begin XCConfigurationList section */
		2C22BF5D28F5522500811E5E /* Build configuration list for PBXProject "DrawTelegram" */ = {
			isa = XCConfigurationList;
			buildConfigurations = (
				2C22BF7428F5522600811E5E /* Debug */,
				2C22BF7528F5522600811E5E /* Release */,
			);
			defaultConfigurationIsVisible = 0;
			defaultConfigurationName = Release;
		};
		2C22BF7628F5522600811E5E /* Build configuration list for PBXNativeTarget "DrawTelegram" */ = {
			isa = XCConfigurationList;
			buildConfigurations = (
				2C22BF7728F5522600811E5E /* Debug */,
				2C22BF7828F5522600811E5E /* Release */,
			);
			defaultConfigurationIsVisible = 0;
			defaultConfigurationName = Release;
		};
/* End XCConfigurationList section */

/* Begin XCRemoteSwiftPackageReference section */
		2C280EAA28F74EF900CE7CC7 /* XCRemoteSwiftPackageReference "lottie-ios" */ = {
			isa = XCRemoteSwiftPackageReference;
			repositoryURL = "https://github.com/airbnb/lottie-ios.git";
			requirement = {
				kind = exactVersion;
				version = 3.5.0;
			};
		};
/* End XCRemoteSwiftPackageReference section */

/* Begin XCSwiftPackageProductDependency section */
		2C280EAB28F74EF900CE7CC7 /* Lottie */ = {
			isa = XCSwiftPackageProductDependency;
			package = 2C280EAA28F74EF900CE7CC7 /* XCRemoteSwiftPackageReference "lottie-ios" */;
			productName = Lottie;
		};
/* End XCSwiftPackageProductDependency section */
	};
	rootObject = 2C22BF5A28F5522500811E5E /* Project object */;
}
